
Microsoft Visual Studio Solution File, Format Version 12.00
# Visual Studio 14
VisualStudioVersion = 14.0.25123.0
MinimumVisualStudioVersion = 10.0.40219.1
Project("{FAE04EC0-301F-11D3-BF4B-00C04F79EFBC}") = "FindIt", "Findit\FindIt.csproj", "{D5A04AB0-AB2C-4E60-8A7F-63500244ACED}"
EndProject
Global
	GlobalSection(SolutionConfigurationPlatforms) = preSolution
		CD_ROM|Any CPU = CD_ROM|Any CPU
		Debug|Any CPU = Debug|Any CPU
		DVD-5|Any CPU = DVD-5|Any CPU
		Release|Any CPU = Release|Any CPU
		SingleImage|Any CPU = SingleImage|Any CPU
	EndGlobalSection
	GlobalSection(ProjectConfigurationPlatforms) = postSolution
		{D5A04AB0-AB2C-4E60-8A7F-63500244ACED}.CD_ROM|Any CPU.ActiveCfg = Release|Any CPU
		{D5A04AB0-AB2C-4E60-8A7F-63500244ACED}.CD_ROM|Any CPU.Build.0 = Release|Any CPU
		{D5A04AB0-AB2C-4E60-8A7F-63500244ACED}.Debug|Any CPU.ActiveCfg = Debug|Any CPU
		{D5A04AB0-AB2C-4E60-8A7F-63500244ACED}.Debug|Any CPU.Build.0 = Debug|Any CPU
		{D5A04AB0-AB2C-4E60-8A7F-63500244ACED}.DVD-5|Any CPU.ActiveCfg = Debug|Any CPU
		{D5A04AB0-AB2C-4E60-8A7F-63500244ACED}.DVD-5|Any CPU.Build.0 = Debug|Any CPU
		{D5A04AB0-AB2C-4E60-8A7F-63500244ACED}.Release|Any CPU.ActiveCfg = Release|Any CPU
		{D5A04AB0-AB2C-4E60-8A7F-63500244ACED}.Release|Any CPU.Build.0 = Release|Any CPU
		{D5A04AB0-AB2C-4E60-8A7F-63500244ACED}.SingleImage|Any CPU.ActiveCfg = Release|Any CPU
		{D5A04AB0-AB2C-4E60-8A7F-63500244ACED}.SingleImage|Any CPU.Build.0 = Release|Any CPU
	EndGlobalSection
	GlobalSection(SolutionProperties) = preSolution
		HideSolutionNode = FALSE
	EndGlobalSection
	GlobalSection(TeamFoundationVersionControl) = preSolution
		SccNumberOfProjects = 2
		SccEnterpriseProvider = {4CA58AB2-18FA-4F8D-95D4-32DDF27D184C}
		SccTeamFoundationServer = https://tfs.codeplex.com/tfs/tfs37
		SccLocalPath0 = .
		SccProjectUniqueName1 = Findit\\FindIt.csproj
		SccProjectName1 = Findit
		SccLocalPath1 = Findit
	EndGlobalSection
EndGlobal
